
Microsoft Visual Studio Solution File, Format Version 12.00
# Visual Studio Version 17
VisualStudioVersion = 17.0.31903.59
MinimumVisualStudioVersion = 10.0.40219.1
Project("{FAE04EC0-301F-11D3-BF4B-00C04F79EFBC}") = "JsonPlaceholderService", "JsonPlaceholderService\JsonPlaceholderService.csproj", "{F8B55A85-F4ED-4E21-9D7F-DE6F505B41C7}"
EndProject
Project("{FAE04EC0-301F-11D3-BF4B-00C04F79EFBC}") = "JsonPlaceholderServiceTests", "JsonPlaceholderServiceTests\JsonPlaceholderServiceTests.csproj", "{37695881-BAFA-4682-A5B4-3FCAE34FECD0}"
EndProject
Project("{2150E333-8FDC-42A3-9474-1A3956D46DE8}") = ".github", ".github", "{02EA681E-C7D8-13C7-8484-4AC65E1B71E8}"
EndProject
Project("{2150E333-8FDC-42A3-9474-1A3956D46DE8}") = "workflows", "workflows", "{9195E55C-60CA-4EF5-A16C-52DD0125E5AF}"
	ProjectSection(SolutionItems) = preProject
		api-tests.yml = api-tests.yml
	EndProjectSection
EndProject
Project("{FAE04EC0-301F-11D3-BF4B-00C04F79EFBC}") = "PlaywrightWebTests", "PlaywrightWebTests\PlaywrightWebTests.csproj", "{11059EA1-F838-4A4C-9E04-0A84971E7FA3}"
EndProject
Global
	GlobalSection(SolutionConfigurationPlatforms) = preSolution
		Debug|Any CPU = Debug|Any CPU
		Debug|x64 = Debug|x64
		Debug|x86 = Debug|x86
		Release|Any CPU = Release|Any CPU
		Release|x64 = Release|x64
		Release|x86 = Release|x86
	EndGlobalSection
	GlobalSection(ProjectConfigurationPlatforms) = postSolution
		{F8B55A85-F4ED-4E21-9D7F-DE6F505B41C7}.Debug|Any CPU.ActiveCfg = Debug|Any CPU
		{F8B55A85-F4ED-4E21-9D7F-DE6F505B41C7}.Debug|Any CPU.Build.0 = Debug|Any CPU
		{F8B55A85-F4ED-4E21-9D7F-DE6F505B41C7}.Debug|x64.ActiveCfg = Debug|Any CPU
		{F8B55A85-F4ED-4E21-9D7F-DE6F505B41C7}.Debug|x64.Build.0 = Debug|Any CPU
		{F8B55A85-F4ED-4E21-9D7F-DE6F505B41C7}.Debug|x86.ActiveCfg = Debug|Any CPU
		{F8B55A85-F4ED-4E21-9D7F-DE6F505B41C7}.Debug|x86.Build.0 = Debug|Any CPU
		{F8B55A85-F4ED-4E21-9D7F-DE6F505B41C7}.Release|Any CPU.ActiveCfg = Release|Any CPU
		{F8B55A85-F4ED-4E21-9D7F-DE6F505B41C7}.Release|Any CPU.Build.0 = Release|Any CPU
		{F8B55A85-F4ED-4E21-9D7F-DE6F505B41C7}.Release|x64.ActiveCfg = Release|Any CPU
		{F8B55A85-F4ED-4E21-9D7F-DE6F505B41C7}.Release|x64.Build.0 = Release|Any CPU
		{F8B55A85-F4ED-4E21-9D7F-DE6F505B41C7}.Release|x86.ActiveCfg = Release|Any CPU
		{F8B55A85-F4ED-4E21-9D7F-DE6F505B41C7}.Release|x86.Build.0 = Release|Any CPU
		{37695881-BAFA-4682-A5B4-3FCAE34FECD0}.Debug|Any CPU.ActiveCfg = Debug|Any CPU
		{37695881-BAFA-4682-A5B4-3FCAE34FECD0}.Debug|Any CPU.Build.0 = Debug|Any CPU
		{37695881-BAFA-4682-A5B4-3FCAE34FECD0}.Debug|x64.ActiveCfg = Debug|Any CPU
		{37695881-BAFA-4682-A5B4-3FCAE34FECD0}.Debug|x64.Build.0 = Debug|Any CPU
		{37695881-BAFA-4682-A5B4-3FCAE34FECD0}.Debug|x86.ActiveCfg = Debug|Any CPU
		{37695881-BAFA-4682-A5B4-3FCAE34FECD0}.Debug|x86.Build.0 = Debug|Any CPU
		{37695881-BAFA-4682-A5B4-3FCAE34FECD0}.Release|Any CPU.ActiveCfg = Release|Any CPU
		{37695881-BAFA-4682-A5B4-3FCAE34FECD0}.Release|Any CPU.Build.0 = Release|Any CPU
		{37695881-BAFA-4682-A5B4-3FCAE34FECD0}.Release|x64.ActiveCfg = Release|Any CPU
		{37695881-BAFA-4682-A5B4-3FCAE34FECD0}.Release|x64.Build.0 = Release|Any CPU
		{37695881-BAFA-4682-A5B4-3FCAE34FECD0}.Release|x86.ActiveCfg = Release|Any CPU
		{37695881-BAFA-4682-A5B4-3FCAE34FECD0}.Release|x86.Build.0 = Release|Any CPU
		{11059EA1-F838-4A4C-9E04-0A84971E7FA3}.Debug|Any CPU.ActiveCfg = Debug|Any CPU
		{11059EA1-F838-4A4C-9E04-0A84971E7FA3}.Debug|Any CPU.Build.0 = Debug|Any CPU
		{11059EA1-F838-4A4C-9E04-0A84971E7FA3}.Debug|x64.ActiveCfg = Debug|Any CPU
		{11059EA1-F838-4A4C-9E04-0A84971E7FA3}.Debug|x64.Build.0 = Debug|Any CPU
		{11059EA1-F838-4A4C-9E04-0A84971E7FA3}.Debug|x86.ActiveCfg = Debug|Any CPU
		{11059EA1-F838-4A4C-9E04-0A84971E7FA3}.Debug|x86.Build.0 = Debug|Any CPU
		{11059EA1-F838-4A4C-9E04-0A84971E7FA3}.Release|Any CPU.ActiveCfg = Release|Any CPU
		{11059EA1-F838-4A4C-9E04-0A84971E7FA3}.Release|Any CPU.Build.0 = Release|Any CPU
		{11059EA1-F838-4A4C-9E04-0A84971E7FA3}.Release|x64.ActiveCfg = Release|Any CPU
		{11059EA1-F838-4A4C-9E04-0A84971E7FA3}.Release|x64.Build.0 = Release|Any CPU
		{11059EA1-F838-4A4C-9E04-0A84971E7FA3}.Release|x86.ActiveCfg = Release|Any CPU
		{11059EA1-F838-4A4C-9E04-0A84971E7FA3}.Release|x86.Build.0 = Release|Any CPU
	EndGlobalSection
	GlobalSection(SolutionProperties) = preSolution
		HideSolutionNode = FALSE
	EndGlobalSection
	GlobalSection(NestedProjects) = preSolution
		{9195E55C-60CA-4EF5-A16C-52DD0125E5AF} = {02EA681E-C7D8-13C7-8484-4AC65E1B71E8}
	EndGlobalSection
	GlobalSection(ExtensibilityGlobals) = postSolution
		SolutionGuid = {CDCAB6B2-8D10-457C-922B-00CC8E304606}
	EndGlobalSection
EndGlobal
